lockfileVersion: '9.0'

settings:
  autoInstallPeers: true
  excludeLinksFromLockfile: false

importers:

  .:
    dependencies:
      '@xiboplayer/cache':
        specifier: 0.7.4
        version: 0.7.4
      '@xiboplayer/core':
        specifier: 0.7.4
        version: 0.7.4(@xiboplayer/cache@0.7.4)(@xiboplayer/renderer@0.7.4)(@xiboplayer/schedule@0.7.4)(@xiboplayer/xmds@0.7.4)
      '@xiboplayer/crypto':
        specifier: 0.7.4
        version: 0.7.4
      '@xiboplayer/renderer':
        specifier: 0.7.4
        version: 0.7.4
      '@xiboplayer/schedule':
        specifier: 0.7.4
        version: 0.7.4
      '@xiboplayer/settings':
        specifier: 0.7.4
        version: 0.7.4
      '@xiboplayer/stats':
        specifier: 0.7.4
        version: 0.7.4
      '@xiboplayer/sw':
        specifier: 0.7.4
        version: 0.7.4
      '@xiboplayer/sync':
        specifier: 0.7.4
        version: 0.7.4
      '@xiboplayer/utils':
        specifier: 0.7.4
        version: 0.7.4
      '@xiboplayer/xmds':
        specifier: 0.7.4
        version: 0.7.4
      '@xiboplayer/xmr':
        specifier: 0.7.4
        version: 0.7.4
      html2canvas:
        specifier: ^1.4.1
        version: 1.4.1
      nanoevents:
        specifier: ^9.1.0
        version: 9.1.0
      xml2js:
        specifier: ^0.6.2
        version: 0.6.2
    devDependencies:
      '@types/node':
        specifier: ^22.19.15
        version: 22.19.15
      '@types/xml2js':
        specifier: ^0.4.14
        version: 0.4.14
      typescript:
        specifier: ^5.9.3
        version: 5.9.3
      vite:
        specifier: ^5.4.21
        version: 5.4.21(@types/node@22.19.15)

packages:

  '@esbuild/aix-ppc64@0.21.5':
    resolution: {integrity: sha512-1SDgH6ZSPTlggy1yI6+Dbkiz8xzpHJEVAlF/AM1tHPLsf5STom9rwtjE4hKAF20FfXXNTFqEYXyJNWh1GiZedQ==}
    engines: {node: '>=12'}
    cpu: [ppc64]
    os: [aix]

  '@esbuild/android-arm64@0.21.5':
    resolution: {integrity: sha512-c0uX9VAUBQ7dTDCjq+wdyGLowMdtR/GoC2U5IYk/7D1H1JYC0qseD7+11iMP2mRLN9RcCMRcjC4YMclCzGwS/A==}
    engines: {node: '>=12'}
    cpu: [arm64]
    os: [android]

  '@esbuild/android-arm@0.21.5':
    resolution: {integrity: sha512-vCPvzSjpPHEi1siZdlvAlsPxXl7WbOVUBBAowWug4rJHb68Ox8KualB+1ocNvT5fjv6wpkX6o/iEpbDrf68zcg==}
    engines: {node: '>=12'}
    cpu: [arm]
    os: [android]

  '@esbuild/android-x64@0.21.5':
    resolution: {integrity: sha512-D7aPRUUNHRBwHxzxRvp856rjUHRFW1SdQATKXH2hqA0kAZb1hKmi02OpYRacl0TxIGz/ZmXWlbZgjwWYaCakTA==}
    engines: {node: '>=12'}
    cpu: [x64]
    os: [android]

  '@esbuild/darwin-arm64@0.21.5':
    resolution: {integrity: sha512-DwqXqZyuk5AiWWf3UfLiRDJ5EDd49zg6O9wclZ7kUMv2WRFr4HKjXp/5t8JZ11QbQfUS6/cRCKGwYhtNAY88kQ==}
    engines: {node: '>=12'}
    cpu: [arm64]
    os: [darwin]

  '@esbuild/darwin-x64@0.21.5':
    resolution: {integrity: sha512-se/JjF8NlmKVG4kNIuyWMV/22ZaerB+qaSi5MdrXtd6R08kvs2qCN4C09miupktDitvh8jRFflwGFBQcxZRjbw==}
    engines: {node: '>=12'}
    cpu: [x64]
    os: [darwin]

  '@esbuild/freebsd-arm64@0.21.5':
    resolution: {integrity: sha512-5JcRxxRDUJLX8JXp/wcBCy3pENnCgBR9bN6JsY4OmhfUtIHe3ZW0mawA7+RDAcMLrMIZaf03NlQiX9DGyB8h4g==}
    engines: {node: '>=12'}
    cpu: [arm64]
    os: [freebsd]

  '@esbuild/freebsd-x64@0.21.5':
    resolution: {integrity: sha512-J95kNBj1zkbMXtHVH29bBriQygMXqoVQOQYA+ISs0/2l3T9/kj42ow2mpqerRBxDJnmkUDCaQT/dfNXWX/ZZCQ==}
    engines: {node: '>=12'}
    cpu: [x64]
    os: [freebsd]

  '@esbuild/linux-arm64@0.21.5':
    resolution: {integrity: sha512-ibKvmyYzKsBeX8d8I7MH/TMfWDXBF3db4qM6sy+7re0YXya+K1cem3on9XgdT2EQGMu4hQyZhan7TeQ8XkGp4Q==}
    engines: {node: '>=12'}
    cpu: [arm64]
    os: [linux]

  '@esbuild/linux-arm@0.21.5':
    resolution: {integrity: sha512-bPb5AHZtbeNGjCKVZ9UGqGwo8EUu4cLq68E95A53KlxAPRmUyYv2D6F0uUI65XisGOL1hBP5mTronbgo+0bFcA==}
    engines: {node: '>=12'}
    cpu: [arm]
    os: [linux]

  '@esbuild/linux-ia32@0.21.5':
    resolution: {integrity: sha512-YvjXDqLRqPDl2dvRODYmmhz4rPeVKYvppfGYKSNGdyZkA01046pLWyRKKI3ax8fbJoK5QbxblURkwK/MWY18Tg==}
    engines: {node: '>=12'}
    cpu: [ia32]
    os: [linux]

  '@esbuild/linux-loong64@0.21.5':
    resolution: {integrity: sha512-uHf1BmMG8qEvzdrzAqg2SIG/02+4/DHB6a9Kbya0XDvwDEKCoC8ZRWI5JJvNdUjtciBGFQ5PuBlpEOXQj+JQSg==}
    engines: {node: '>=12'}
    cpu: [loong64]
    os: [linux]

  '@esbuild/linux-mips64el@0.21.5':
    resolution: {integrity: sha512-IajOmO+KJK23bj52dFSNCMsz1QP1DqM6cwLUv3W1QwyxkyIWecfafnI555fvSGqEKwjMXVLokcV5ygHW5b3Jbg==}
    engines: {node: '>=12'}
    cpu: [mips64el]
    os: [linux]

  '@esbuild/linux-ppc64@0.21.5':
    resolution: {integrity: sha512-1hHV/Z4OEfMwpLO8rp7CvlhBDnjsC3CttJXIhBi+5Aj5r+MBvy4egg7wCbe//hSsT+RvDAG7s81tAvpL2XAE4w==}
    engines: {node: '>=12'}
    cpu: [ppc64]
    os: [linux]

  '@esbuild/linux-riscv64@0.21.5':
    resolution: {integrity: sha512-2HdXDMd9GMgTGrPWnJzP2ALSokE/0O5HhTUvWIbD3YdjME8JwvSCnNGBnTThKGEB91OZhzrJ4qIIxk/SBmyDDA==}
    engines: {node: '>=12'}
    cpu: [riscv64]
    os: [linux]

  '@esbuild/linux-s390x@0.21.5':
    resolution: {integrity: sha512-zus5sxzqBJD3eXxwvjN1yQkRepANgxE9lgOW2qLnmr8ikMTphkjgXu1HR01K4FJg8h1kEEDAqDcZQtbrRnB41A==}
    engines: {node: '>=12'}
    cpu: [s390x]
    os: [linux]

  '@esbuild/linux-x64@0.21.5':
    resolution: {integrity: sha512-1rYdTpyv03iycF1+BhzrzQJCdOuAOtaqHTWJZCWvijKD2N5Xu0TtVC8/+1faWqcP9iBCWOmjmhoH94dH82BxPQ==}
    engines: {node: '>=12'}
    cpu: [x64]
    os: [linux]

  '@esbuild/netbsd-x64@0.21.5':
    resolution: {integrity: sha512-Woi2MXzXjMULccIwMnLciyZH4nCIMpWQAs049KEeMvOcNADVxo0UBIQPfSmxB3CWKedngg7sWZdLvLczpe0tLg==}
    engines: {node: '>=12'}
    cpu: [x64]
    os: [netbsd]

  '@esbuild/openbsd-x64@0.21.5':
    resolution: {integrity: sha512-HLNNw99xsvx12lFBUwoT8EVCsSvRNDVxNpjZ7bPn947b8gJPzeHWyNVhFsaerc0n3TsbOINvRP2byTZ5LKezow==}
    engines: {node: '>=12'}
    cpu: [x64]
    os: [openbsd]

  '@esbuild/sunos-x64@0.21.5':
    resolution: {integrity: sha512-6+gjmFpfy0BHU5Tpptkuh8+uw3mnrvgs+dSPQXQOv3ekbordwnzTVEb4qnIvQcYXq6gzkyTnoZ9dZG+D4garKg==}
    engines: {node: '>=12'}
    cpu: [x64]
    os: [sunos]

  '@esbuild/win32-arm64@0.21.5':
    resolution: {integrity: sha512-Z0gOTd75VvXqyq7nsl93zwahcTROgqvuAcYDUr+vOv8uHhNSKROyU961kgtCD1e95IqPKSQKH7tBTslnS3tA8A==}
    engines: {node: '>=12'}
    cpu: [arm64]
    os: [win32]

  '@esbuild/win32-ia32@0.21.5':
    resolution: {integrity: sha512-SWXFF1CL2RVNMaVs+BBClwtfZSvDgtL//G/smwAc5oVK/UPu2Gu9tIaRgFmYFFKrmg3SyAjSrElf0TiJ1v8fYA==}
    engines: {node: '>=12'}
    cpu: [ia32]
    os: [win32]

  '@esbuild/win32-x64@0.21.5':
    resolution: {integrity: sha512-tQd/1efJuzPC6rCFwEvLtci/xNFcTZknmXs98FYDfGE4wP9ClFV98nyKrzJKVPMhdDnjzLhdUyMX4PsQAPjwIw==}
    engines: {node: '>=12'}
    cpu: [x64]
    os: [win32]

  '@napi-rs/canvas-android-arm64@0.1.97':
    resolution: {integrity: sha512-V1c/WVw+NzH8vk7ZK/O8/nyBSCQimU8sfMsB/9qeSvdkGKNU7+mxy/bIF0gTgeBFmHpj30S4E9WHMSrxXGQuVQ==}
    engines: {node: '>= 10'}
    cpu: [arm64]
    os: [android]

  '@napi-rs/canvas-darwin-arm64@0.1.97':
    resolution: {integrity: sha512-ok+SCEF4YejcxuJ9Rm+WWunHHpf2HmiPxfz6z1a/NFQECGXtsY7A4B8XocK1LmT1D7P174MzwPF9Wy3AUAwEPw==}
    engines: {node: '>= 10'}
    cpu: [arm64]
    os: [darwin]

  '@napi-rs/canvas-darwin-x64@0.1.97':
    resolution: {integrity: sha512-PUP6e6/UGlclUvAQNnuXCcnkpdUou6VYZfQOQxExLp86epOylmiwLkqXIvpFmjoTEDmPmXrI+coL/9EFU1gKPA==}
    engines: {node: '>= 10'}
    cpu: [x64]
    os: [darwin]

  '@napi-rs/canvas-linux-arm-gnueabihf@0.1.97':
    resolution: {integrity: sha512-XyXH2L/cic8eTNtbrXCcvqHtMX/nEOxN18+7rMrAM2XtLYC/EB5s0wnO1FsLMWmK+04ZSLN9FBGipo7kpIkcOw==}
    engines: {node: '>= 10'}
    cpu: [arm]
    os: [linux]

  '@napi-rs/canvas-linux-arm64-gnu@0.1.97':
    resolution: {integrity: sha512-Kuq/M3djq0K8ktgz6nPlK7Ne5d4uWeDxPpyKWOjWDK2RIOhHVtLtyLiJw2fuldw7Vn4mhw05EZXCEr4Q76rs9w==}
    engines: {node: '>= 10'}
    cpu: [arm64]
    os: [linux]

  '@napi-rs/canvas-linux-arm64-musl@0.1.97':
    resolution: {integrity: sha512-kKmSkQVnWeqg7qdsiXvYxKhAFuHz3tkBjW/zyQv5YKUPhotpaVhpBGv5LqCngzyuRV85SXoe+OFj+Tv0a0QXkQ==}
    engines: {node: '>= 10'}
    cpu: [arm64]
    os: [linux]

  '@napi-rs/canvas-linux-riscv64-gnu@0.1.97':
    resolution: {integrity: sha512-Jc7I3A51jnEOIAXeLsN/M/+Z28LUeakcsXs07FLq9prXc0eYOtVwsDEv913Gr+06IRo34gJJVgT0TXvmz+N2VA==}
    engines: {node: '>= 10'}
    cpu: [riscv64]
    os: [linux]

  '@napi-rs/canvas-linux-x64-gnu@0.1.97':
    resolution: {integrity: sha512-iDUBe7AilfuBSRbSa8/IGX38Mf+iCSBqoVKLSQ5XaY2JLOaqz1TVyPFEyIck7wT6mRQhQt5sN6ogfjIDfi74tg==}
    engines: {node: '>= 10'}
    cpu: [x64]
    os: [linux]

  '@napi-rs/canvas-linux-x64-musl@0.1.97':
    resolution: {integrity: sha512-AKLFd/v0Z5fvgqBDqhvqtAdx+fHMJ5t9JcUNKq4FIZ5WH+iegGm8HPdj00NFlCSnm83Fp3Ln8I2f7uq1aIiWaA==}
    engines: {node: '>= 10'}
    cpu: [x64]
    os: [linux]

  '@napi-rs/canvas-win32-arm64-msvc@0.1.97':
    resolution: {integrity: sha512-u883Yr6A6fO7Vpsy9YE4FVCIxzzo5sO+7pIUjjoDLjS3vQaNMkVzx5bdIpEL+ob+gU88WDK4VcxYMZ6nmnoX9A==}
    engines: {node: '>= 10'}
    cpu: [arm64]
    os: [win32]

  '@napi-rs/canvas-win32-x64-msvc@0.1.97':
    resolution: {integrity: sha512-sWtD2EE3fV0IzN+iiQUqr/Q1SwqWhs2O1FKItFlxtdDkikpEj5g7DKQpY3x55H/MAOnL8iomnlk3mcEeGiUMoQ==}
    engines: {node: '>= 10'}
    cpu: [x64]
    os: [win32]

  '@napi-rs/canvas@0.1.97':
    resolution: {integrity: sha512-8cFniXvrIEnVwuNSRCW9wirRZbHvrD3JVujdS2P5n5xiJZNZMOZcfOvJ1pb66c7jXMKHHglJEDVJGbm8XWFcXQ==}
    engines: {node: '>= 10'}

  '@rollup/rollup-android-arm-eabi@4.59.1':
    resolution: {integrity: sha512-xB0b51TB7IfDEzAojXahmr+gfA00uYVInJGgNNkeQG6RPnCPGr7udsylFLTubuIUSRE6FkcI1NElyRt83PP5oQ==}
    cpu: [arm]
    os: [android]

  '@rollup/rollup-android-arm64@4.59.1':
    resolution: {integrity: sha512-XOjPId0qwSDKHaIsdzHJtKCxX0+nH8MhBwvrNsT7tVyKmdTx1jJ4XzN5RZXCdTzMpufLb+B8llTC0D8uCrLhcw==}
    cpu: [arm64]
    os: [android]

  '@rollup/rollup-darwin-arm64@4.59.1':
    resolution: {integrity: sha512-vQuRd28p0gQpPrS6kppd8IrWmFo42U8Pz1XLRjSZXq5zCqyMDYFABT7/sywL11mO1EL10Qhh7MVPEwkG8GiBeg==}
    cpu: [arm64]
    os: [darwin]

  '@rollup/rollup-darwin-x64@4.59.1':
    resolution: {integrity: sha512-x6VG6U29+Ivlnajrg1IHdzXeAwSoEHBFVO+CtC9Brugx6de712CUJobRUxsIA0KYrQvCmzNrMPFTT1A4CCqNTg==}
    cpu: [x64]
    os: [darwin]

  '@rollup/rollup-freebsd-arm64@4.59.1':
    resolution: {integrity: sha512-Sgi0Uo6t1YCHJMNO3Y8+bm+SvOanUGkoZKn/VJPwYUe2kp31X5KnXmzKd/NjW8iA3gFcfNZ64zh14uOGrIllCQ==}
    cpu: [arm64]
    os: [freebsd]

  '@rollup/rollup-freebsd-x64@4.59.1':
    resolution: {integrity: sha512-AM4xnwEZwukdhk7laMWfzWu9JGSVnJd+Fowt6Fd7QW1nrf3h0Hp7Qx5881M4aqrUlKBCybOxz0jofvIIfl7C5g==}
    cpu: [x64]
    os: [freebsd]

  '@rollup/rollup-linux-arm-gnueabihf@4.59.1':
    resolution: {integrity: sha512-KUizqxpwaR2AZdAUsMWfL/C94pUu7TKpoPd88c8yFVixJ+l9hejkrwoK5Zj3wiNh65UeyryKnJyxL1b7yNqFQA==}
    cpu: [arm]
    os: [linux]

  '@rollup/rollup-linux-arm-musleabihf@4.59.1':
    resolution: {integrity: sha512-MZoQ/am77ckJtZGFAtPucgUuJWiop3m2R3lw7tC0QCcbfl4DRhQUBUkHWCkcrT3pqy5Mzv5QQgY6Dmlba6iTWg==}
    cpu: [arm]
    os: [linux]

  '@rollup/rollup-linux-arm64-gnu@4.59.1':
    resolution: {integrity: sha512-Sez95TP6xGjkWB1608EfhCX1gdGrO5wzyN99VqzRtC17x/1bhw5VU1V0GfKUwbW/Xr1J8mSasoFoJa6Y7aGGSA==}
    cpu: [arm64]
    os: [linux]

  '@rollup/rollup-linux-arm64-musl@4.59.1':
    resolution: {integrity: sha512-9Cs2Seq98LWNOJzR89EGTZoiP8EkZ9UbQhBlDgfAkM6asVna1xJ04W2CLYWDN/RpUgOjtQvcv8wQVi1t5oQazA==}
    cpu: [arm64]
    os: [linux]

  '@rollup/rollup-linux-loong64-gnu@4.59.1':
    resolution: {integrity: sha512-n9yqttftgFy7IrNEnHy1bOp6B4OSe8mJDiPkT7EqlM9FnKOwUMnCK62ixW0Kd9Clw0/wgvh8+SqaDXMFvw3KqQ==}
    cpu: [loong64]
    os: [linux]

  '@rollup/rollup-linux-loong64-musl@4.59.1':
    resolution: {integrity: sha512-SfpNXDzVTqs/riak4xXcLpq5gIQWsqGWMhN1AGRQKB4qGSs4r0sEs3ervXPcE1O9RsQ5bm8Muz6zmQpQnPss1g==}
    cpu: [loong64]
    os: [linux]

  '@rollup/rollup-linux-ppc64-gnu@4.59.1':
    resolution: {integrity: sha512-LjaChED0wQnjKZU+tsmGbN+9nN1XhaWUkAlSbTdhpEseCS4a15f/Q8xC2BN4GDKRzhhLZpYtJBZr2NZhR0jvNw==}
    cpu: [ppc64]
    os: [linux]

  '@rollup/rollup-linux-ppc64-musl@4.59.1':
    resolution: {integrity: sha512-ojW7iTJSIs4pwB2xV6QXGwNyDctvXOivYllttuPbXguuKDX5vwpqYJsHc6D2LZzjDGHML414Tuj3LvVPe1CT1A==}
    cpu: [ppc64]
    os: [linux]

  '@rollup/rollup-linux-riscv64-gnu@4.59.1':
    resolution: {integrity: sha512-FP+Q6WTcxxvsr0wQczhSE+tOZvFPV8A/mUE6mhZYFW9/eea/y/XqAgRoLLMuE9Cz0hfX5bi7p116IWoB+P237A==}
    cpu: [riscv64]
    os: [linux]

  '@rollup/rollup-linux-riscv64-musl@4.59.1':
    resolution: {integrity: sha512-L1uD9b/Ig8Z+rn1KttCJjwhN1FgjRMBKsPaBsDKkfUl7GfFq71pU4vWCnpOsGljycFEbkHWARZLf4lMYg3WOLw==}
    cpu: [riscv64]
    os: [linux]

  '@rollup/rollup-linux-s390x-gnu@4.59.1':
    resolution: {integrity: sha512-EZc9NGTk/oSUzzOD4nYY4gIjteo2M3CiozX6t1IXGCOdgxJTlVu/7EdPeiqeHPSIrxkLhavqpBAUCfvC6vBOug==}
    cpu: [s390x]
    os: [linux]

  '@rollup/rollup-linux-x64-gnu@4.59.1':
    resolution: {integrity: sha512-NQ9KyU1Anuy59L8+HHOKM++CoUxrQWrZWXRik4BJFm+7i5NP6q/SW43xIBr80zzt+PDBJ7LeNmloQGfa0JGk0w==}
    cpu: [x64]
    os: [linux]

  '@rollup/rollup-linux-x64-musl@4.59.1':
    resolution: {integrity: sha512-GZkLk2t6naywsveSFBsEb0PLU+JC9ggVjbndsbG20VPhar6D1gkMfCx4NfP9owpovBXTN+eRdqGSkDGIxPHhmQ==}
    cpu: [x64]
    os: [linux]

  '@rollup/rollup-openbsd-x64@4.59.1':
    resolution: {integrity: sha512-1hjG9Jpl2KDOetr64iQd8AZAEjkDUUK5RbDkYWsViYLC1op1oNzdjMJeFiofcGhqbNTaY2kfgqowE7DILifsrA==}
    cpu: [x64]
    os: [openbsd]

  '@rollup/rollup-openharmony-arm64@4.59.1':
    resolution: {integrity: sha512-ARoKfflk0SiiYm3r1fmF73K/yB+PThmOwfWCk1sr7x/k9dc3uGLWuEE9if+Pw21el8MSpp3TMnG5vLNsJ/MMGQ==}
    cpu: [arm64]
    os: [openharmony]

  '@rollup/rollup-win32-arm64-msvc@4.59.1':
    resolution: {integrity: sha512-oOST61G6VM45Mz2vdzWMr1s2slI7y9LqxEV5fCoWi2MDONmMvgsJVHSXxce/I2xOSZPTZ47nDPOl1tkwKWSHcw==}
    cpu: [arm64]
    os: [win32]

  '@rollup/rollup-win32-ia32-msvc@4.59.1':
    resolution: {integrity: sha512-x5WgLi5dWpRz7WclKBGEF15LcWTh0ewrHM6Cq4A+WUbkysUMZNeqt05bwPonOQ3ihPS/WMhAZV5zB1DfnI4Sxg==}
    cpu: [ia32]
    os: [win32]

  '@rollup/rollup-win32-x64-gnu@4.59.1':
    resolution: {integrity: sha512-wS+zHAJRVP5zOL0e+a3V3E/NTEwM2HEvvNKoDy5Xcfs0o8lljxn+EAFPkUsxihBdmDq1JWzXmmB9cbssCPdxxw==}
    cpu: [x64]
    os: [win32]

  '@rollup/rollup-win32-x64-msvc@4.59.1':
    resolution: {integrity: sha512-rhHyrMeLpErT/C7BxcEsU4COHQUzHyrPYW5tOZUeUhziNtRuYxmDWvqQqzpuUt8xpOgmbKa1btGXfnA/ANVO+g==}
    cpu: [x64]
    os: [win32]

  '@types/estree@1.0.8':
    resolution: {integrity: sha512-dWHzHa2WqEXI/O1E9OjrocMTKJl2mSrEolh1Iomrv6U+JuNwaHXsXx9bLu5gG7BUWFIN0skIQJQ/L1rIex4X6w==}

  '@types/node@22.19.15':
    resolution: {integrity: sha512-F0R/h2+dsy5wJAUe3tAU6oqa2qbWY5TpNfL/RGmo1y38hiyO1w3x2jPtt76wmuaJI4DQnOBu21cNXQ2STIUUWg==}

  '@types/xml2js@0.4.14':
    resolution: {integrity: sha512-4YnrRemBShWRO2QjvUin8ESA41rH+9nQGLUGZV/1IDhi3SL9OhdpNC/MrulTWuptXKwhx/aDxE7toV0f/ypIXQ==}

  '@xiboplayer/cache@0.7.4':
    resolution: {integrity: sha512-uZEXYQXH+vn70eyIhfBya6iaTYuG2c7P4+3ddXvcNWG0VaHC4MN4Vs+6ebQ7ehdn3kqRqRoZocuIv++8EMKJiQ==}

  '@xiboplayer/core@0.7.4':
    resolution: {integrity: sha512-SOYOKzS+pCPHuHR9SScBMAI6H3kCltY6cxElRxohsG1DjZEWa30gOOBARlJEEgK4WGiXherftbcI3YU47xDBKA==}
    peerDependencies:
      '@xiboplayer/cache': 0.7.4
      '@xiboplayer/renderer': 0.7.4
      '@xiboplayer/schedule': 0.7.4
      '@xiboplayer/xmds': 0.7.4

  '@xiboplayer/crypto@0.7.4':
    resolution: {integrity: sha512-jTNZLDmL7t5r9ZbdaNlVRJQMZsWvUm5yckX1BF3hyHyZ+0JNcAldVT1FsoeAgX6x8hBaw31zeTLkOx3a8tmKOw==}

  '@xiboplayer/renderer@0.7.4':
    resolution: {integrity: sha512-OtwLQuxTNwIguretrOqDOId78WJQj6hiKPcLTZNDC88fYdct6C+kfXU3paE6xj8RiE4UCgKqY+hRhd+Qvh/rZg==}

  '@xiboplayer/schedule@0.7.4':
    resolution: {integrity: sha512-ttjnmeq5n68tHWvoAm5+6zCeid57gpqwkCBniwVKONQE24rF7wJ6rlv4N+GTP7btHB82QRANguqK69RQBunhdQ==}

  '@xiboplayer/settings@0.7.4':
    resolution: {integrity: sha512-C/mwc5iAbAdfiP0BD2Fj3HgdNDBJ7dNY7mqLlDbiEVMY7iwQc+bGEDQ7AoARtZR7tuDB1FS39g5koDx3taB2PA==}

  '@xiboplayer/stats@0.7.4':
    resolution: {integrity: sha512-9xKh/1gZUaJtCLCCB7SIoVsydAo0LL8jetA3yQDh5I4p2PCPktA64EPoUOgHQ7qzhCwOXq78gPVDxbZIaQbwzg==}

  '@xiboplayer/sw@0.7.4':
    resolution: {integrity: sha512-ZKBhb7qHPaqBT98VWFsA9yfAXo3c3NWhLlXhjjSn4uWF5cF6a445mXZM2YITRyc8o7BKhe986QLy+qNrxKaL6g==}

  '@xiboplayer/sync@0.7.4':
    resolution: {integrity: sha512-QgGj1UqbV4+i2uKPJNKwMC1beKHlM6nwhaePG2ko7baS5oEhpCwcohJydQLQcFmPonfnve6k0cQCQe8LLMlU5g==}

  '@xiboplayer/utils@0.7.4':
    resolution: {integrity: sha512-km0eiolZuaWYuZ2QKivZp9QvDIjnv/39v39HjaAe77bh8DckTovg+TEszbVdC+N7VLLvVLNUKRfinnaQMM7LNw==}

  '@xiboplayer/xmds@0.7.4':
    resolution: {integrity: sha512-73Pl0P+s74NGqBs+2gtvwdWfIi0X4CBUzk+BfrBpUmuoxOJX12vgB+cV7PIebX/iC7QTHU9df/ekgObbT+esEQ==}

  '@xiboplayer/xmr@0.7.4':
    resolution: {integrity: sha512-zBhCWgYBDlPuLIZzV3dlSR4Tu7CtkLVIJf1NdfgubjzC3mbB5sfaQmh6uchrS22px0k/pQsyiemDpVbzS51v5A==}

  base64-arraybuffer@1.0.2:
    resolution: {integrity: sha512-I3yl4r9QB5ZRY3XuJVEPfc2XhZO6YweFPI+UovAzn+8/hb3oJ6lnysaFcjVpkCPfVWFUDvoZ8kmVDP7WyRtYtQ==}
    engines: {node: '>= 0.6.0'}

  css-line-break@2.1.0:
    resolution: {integrity: sha512-FHcKFCZcAha3LwfVBhCQbW2nCNbkZXn7KVUJcsT5/P8YmfsVja0FMPJr0B903j/E69HUphKiV9iQArX8SDYA4w==}

  esbuild@0.21.5:
    resolution: {integrity: sha512-mg3OPMV4hXywwpoDxu3Qda5xCKQi+vCTZq8S9J/EpkhB2HzKXq4SNFZE3+NK93JYxc8VMSep+lOUSC/RVKaBqw==}
    engines: {node: '>=12'}
    hasBin: true

  fsevents@2.3.3:
    resolution: {integrity: sha512-5xoDfX+fL7faATnagmWPpbFtwh/R77WmMMqqHGS65C3vvB0YHrgF+B1YmZ3441tMj5n63k0212XNoJwzlhffQw==}
    engines: {node: ^8.16.0 || ^10.6.0 || >=11.0.0}
    os: [darwin]

  html2canvas@1.4.1:
    resolution: {integrity: sha512-fPU6BHNpsyIhr8yyMpTLLxAbkaK8ArIBcmZIRiBLiDhjeqvXolaEmDGmELFuX9I4xDcaKKcJl+TKZLqruBbmWA==}
    engines: {node: '>=8.0.0'}

  nanoevents@9.1.0:
    resolution: {integrity: sha512-Jd0fILWG44a9luj8v5kED4WI+zfkkgwKyRQKItTtlPfEsh7Lznfi1kr8/iZ+XAIss4Qq5GqRB0qtWbaz9ceO/A==}
    engines: {node: ^18.0.0 || >=20.0.0}

  nanoid@3.3.11:
    resolution: {integrity: sha512-N8SpfPUnUp1bK+PMYW8qSWdl9U+wwNWI4QKxOYDy9JAro3WMX7p2OeVRF9v+347pnakNevPmiHhNmZ2HbFA76w==}
    engines: {node: ^10 || ^12 || ^13.7 || ^14 || >=15.0.1}
    hasBin: true

  pdfjs-dist@4.10.38:
    resolution: {integrity: sha512-/Y3fcFrXEAsMjJXeL9J8+ZG9U01LbuWaYypvDW2ycW1jL269L3js3DVBjDJ0Up9Np1uqDXsDrRihHANhZOlwdQ==}
    engines: {node: '>=20'}

  picocolors@1.1.1:
    resolution: {integrity: sha512-xceH2snhtb5M9liqDsmEw56le376mTZkEX/jEb/RxNFyegNul7eNslCXP9FDj/Lcu0X8KEyMceP2ntpaHrDEVA==}

  postcss@8.5.8:
    resolution: {integrity: sha512-OW/rX8O/jXnm82Ey1k44pObPtdblfiuWnrd8X7GJ7emImCOstunGbXUpp7HdBrFQX6rJzn3sPT397Wp5aCwCHg==}
    engines: {node: ^10 || ^12 || >=14}

  rollup@4.59.1:
    resolution: {integrity: sha512-iZKH8BeoCwTCBTZBZWQQMreekd4mdomwdjIQ40GC1oZm6o+8PnNMIxFOiCsGMWeS8iDJ7KZcl7KwmKk/0HOQpA==}
    engines: {node: '>=18.0.0', npm: '>=8.0.0'}
    hasBin: true

  sax@1.6.0:
    resolution: {integrity: sha512-6R3J5M4AcbtLUdZmRv2SygeVaM7IhrLXu9BmnOGmmACak8fiUtOsYNWUS4uK7upbmHIBbLBeFeI//477BKLBzA==}
    engines: {node: '>=11.0.0'}

  source-map-js@1.2.1:
    resolution: {integrity: sha512-UXWMKhLOwVKb728IUtQPXxfYU+usdybtUrK/8uGE8CQMvrhOpwvzDBwj0QhSL7MQc7vIsISBG8VQ8+IDQxpfQA==}
    engines: {node: '>=0.10.0'}

  spark-md5@3.0.2:
    resolution: {integrity: sha512-wcFzz9cDfbuqe0FZzfi2or1sgyIrsDwmPwfZC4hiNidPdPINjeUwNfv5kldczoEAcjl9Y1L3SM7Uz2PUEQzxQw==}

  text-segmentation@1.0.3:
    resolution: {integrity: sha512-iOiPUo/BGnZ6+54OsWxZidGCsdU8YbE4PSpdPinp7DeMtUJNJBoJ/ouUSTJjHkh1KntHaltHl/gDs2FC4i5+Nw==}

  typescript@5.9.3:
    resolution: {integrity: sha512-jl1vZzPDinLr9eUt3J/t7V6FgNEw9QjvBPdysz9KfQDD41fQrC2Y4vKQdiaUpFT4bXlb1RHhLpp8wtm6M5TgSw==}
    engines: {node: '>=14.17'}
    hasBin: true

  undici-types@6.21.0:
    resolution: {integrity: sha512-iwDZqg0QAGrg9Rav5H4n0M64c3mkR59cJ6wQp+7C4nI0gsmExaedaYLNO44eT4AtBBwjbTiGPMlt2Md0T9H9JQ==}

  utrie@1.0.2:
    resolution: {integrity: sha512-1MLa5ouZiOmQzUbjbu9VmjLzn1QLXBhwpUa7kdLUQK+KQ5KA9I1vk5U4YHe/X2Ch7PYnJfWuWT+VbuxbGwljhw==}

  vite@5.4.21:
    resolution: {integrity: sha512-o5a9xKjbtuhY6Bi5S3+HvbRERmouabWbyUcpXXUA1u+GNUKoROi9byOJ8M0nHbHYHkYICiMlqxkg1KkYmm25Sw==}
    engines: {node: ^18.0.0 || >=20.0.0}
    hasBin: true
    peerDependencies:
      '@types/node': ^18.0.0 || >=20.0.0
      less: '*'
      lightningcss: ^1.21.0
      sass: '*'
      sass-embedded: '*'
      stylus: '*'
      sugarss: '*'
      terser: ^5.4.0
    peerDependenciesMeta:
      '@types/node':
        optional: true
      less:
        optional: true
      lightningcss:
        optional: true
      sass:
        optional: true
      sass-embedded:
        optional: true
      stylus:
        optional: true
      sugarss:
        optional: true
      terser:
        optional: true

  xml2js@0.6.2:
    resolution: {integrity: sha512-T4rieHaC1EXcES0Kxxj4JWgaUQHDk+qwHcYOCFHfiwKz7tOVPLq7Hjq9dM1WCMhylqMEfP7hMcOIChvotiZegA==}
    engines: {node: '>=4.0.0'}

  xmlbuilder@11.0.1:
    resolution: {integrity: sha512-fDlsI/kFEx7gLvbecc0/ohLG50fugQp8ryHzMTuW9vSa1GJ0XYWKnhsUx7oie3G98+r56aTQIUB4kht42R3JvA==}
    engines: {node: '>=4.0'}

snapshots:

  '@esbuild/aix-ppc64@0.21.5':
    optional: true

  '@esbuild/android-arm64@0.21.5':
    optional: true

  '@esbuild/android-arm@0.21.5':
    optional: true

  '@esbuild/android-x64@0.21.5':
    optional: true

  '@esbuild/darwin-arm64@0.21.5':
    optional: true

  '@esbuild/darwin-x64@0.21.5':
    optional: true

  '@esbuild/freebsd-arm64@0.21.5':
    optional: true

  '@esbuild/freebsd-x64@0.21.5':
    optional: true

  '@esbuild/linux-arm64@0.21.5':
    optional: true

  '@esbuild/linux-arm@0.21.5':
    optional: true

  '@esbuild/linux-ia32@0.21.5':
    optional: true

  '@esbuild/linux-loong64@0.21.5':
    optional: true

  '@esbuild/linux-mips64el@0.21.5':
    optional: true

  '@esbuild/linux-ppc64@0.21.5':
    optional: true

  '@esbuild/linux-riscv64@0.21.5':
    optional: true

  '@esbuild/linux-s390x@0.21.5':
    optional: true

  '@esbuild/linux-x64@0.21.5':
    optional: true

  '@esbuild/netbsd-x64@0.21.5':
    optional: true

  '@esbuild/openbsd-x64@0.21.5':
    optional: true

  '@esbuild/sunos-x64@0.21.5':
    optional: true

  '@esbuild/win32-arm64@0.21.5':
    optional: true

  '@esbuild/win32-ia32@0.21.5':
    optional: true

  '@esbuild/win32-x64@0.21.5':
    optional: true

  '@napi-rs/canvas-android-arm64@0.1.97':
    optional: true

  '@napi-rs/canvas-darwin-arm64@0.1.97':
    optional: true

  '@napi-rs/canvas-darwin-x64@0.1.97':
    optional: true

  '@napi-rs/canvas-linux-arm-gnueabihf@0.1.97':
    optional: true

  '@napi-rs/canvas-linux-arm64-gnu@0.1.97':
    optional: true

  '@napi-rs/canvas-linux-arm64-musl@0.1.97':
    optional: true

  '@napi-rs/canvas-linux-riscv64-gnu@0.1.97':
    optional: true

  '@napi-rs/canvas-linux-x64-gnu@0.1.97':
    optional: true

  '@napi-rs/canvas-linux-x64-musl@0.1.97':
    optional: true

  '@napi-rs/canvas-win32-arm64-msvc@0.1.97':
    optional: true

  '@napi-rs/canvas-win32-x64-msvc@0.1.97':
    optional: true

  '@napi-rs/canvas@0.1.97':
    optionalDependencies:
      '@napi-rs/canvas-android-arm64': 0.1.97
      '@napi-rs/canvas-darwin-arm64': 0.1.97
      '@napi-rs/canvas-darwin-x64': 0.1.97
      '@napi-rs/canvas-linux-arm-gnueabihf': 0.1.97
      '@napi-rs/canvas-linux-arm64-gnu': 0.1.97
      '@napi-rs/canvas-linux-arm64-musl': 0.1.97
      '@napi-rs/canvas-linux-riscv64-gnu': 0.1.97
      '@napi-rs/canvas-linux-x64-gnu': 0.1.97
      '@napi-rs/canvas-linux-x64-musl': 0.1.97
      '@napi-rs/canvas-win32-arm64-msvc': 0.1.97
      '@napi-rs/canvas-win32-x64-msvc': 0.1.97
    optional: true

  '@rollup/rollup-android-arm-eabi@4.59.1':
    optional: true

  '@rollup/rollup-android-arm64@4.59.1':
    optional: true

  '@rollup/rollup-darwin-arm64@4.59.1':
    optional: true

  '@rollup/rollup-darwin-x64@4.59.1':
    optional: true

  '@rollup/rollup-freebsd-arm64@4.59.1':
    optional: true

  '@rollup/rollup-freebsd-x64@4.59.1':
    optional: true

  '@rollup/rollup-linux-arm-gnueabihf@4.59.1':
    optional: true

  '@rollup/rollup-linux-arm-musleabihf@4.59.1':
    optional: true

  '@rollup/rollup-linux-arm64-gnu@4.59.1':
    optional: true

  '@rollup/rollup-linux-arm64-musl@4.59.1':
    optional: true

  '@rollup/rollup-linux-loong64-gnu@4.59.1':
    optional: true

  '@rollup/rollup-linux-loong64-musl@4.59.1':
    optional: true

  '@rollup/rollup-linux-ppc64-gnu@4.59.1':
    optional: true

  '@rollup/rollup-linux-ppc64-musl@4.59.1':
    optional: true

  '@rollup/rollup-linux-riscv64-gnu@4.59.1':
    optional: true

  '@rollup/rollup-linux-riscv64-musl@4.59.1':
    optional: true

  '@rollup/rollup-linux-s390x-gnu@4.59.1':
    optional: true

  '@rollup/rollup-linux-x64-gnu@4.59.1':
    optional: true

  '@rollup/rollup-linux-x64-musl@4.59.1':
    optional: true

  '@rollup/rollup-openbsd-x64@4.59.1':
    optional: true

  '@rollup/rollup-openharmony-arm64@4.59.1':
    optional: true

  '@rollup/rollup-win32-arm64-msvc@4.59.1':
    optional: true

  '@rollup/rollup-win32-ia32-msvc@4.59.1':
    optional: true

  '@rollup/rollup-win32-x64-gnu@4.59.1':
    optional: true

  '@rollup/rollup-win32-x64-msvc@4.59.1':
    optional: true

  '@types/estree@1.0.8': {}

  '@types/node@22.19.15':
    dependencies:
      undici-types: 6.21.0

  '@types/xml2js@0.4.14':
    dependencies:
      '@types/node': 22.19.15

  '@xiboplayer/cache@0.7.4':
    dependencies:
      '@xiboplayer/utils': 0.7.4
      spark-md5: 3.0.2

  '@xiboplayer/core@0.7.4(@xiboplayer/cache@0.7.4)(@xiboplayer/renderer@0.7.4)(@xiboplayer/schedule@0.7.4)(@xiboplayer/xmds@0.7.4)':
    dependencies:
      '@xiboplayer/cache': 0.7.4
      '@xiboplayer/renderer': 0.7.4
      '@xiboplayer/schedule': 0.7.4
      '@xiboplayer/utils': 0.7.4
      '@xiboplayer/xmds': 0.7.4

  '@xiboplayer/crypto@0.7.4': {}

  '@xiboplayer/renderer@0.7.4':
    dependencies:
      '@xiboplayer/cache': 0.7.4
      '@xiboplayer/schedule': 0.7.4
      '@xiboplayer/utils': 0.7.4
      pdfjs-dist: 4.10.38

  '@xiboplayer/schedule@0.7.4':
    dependencies:
      '@xiboplayer/utils': 0.7.4

  '@xiboplayer/settings@0.7.4':
    dependencies:
      '@xiboplayer/utils': 0.7.4

  '@xiboplayer/stats@0.7.4':
    dependencies:
      '@xiboplayer/utils': 0.7.4

  '@xiboplayer/sw@0.7.4':
    dependencies:
      '@xiboplayer/cache': 0.7.4
      '@xiboplayer/utils': 0.7.4

  '@xiboplayer/sync@0.7.4':
    dependencies:
      '@xiboplayer/utils': 0.7.4

  '@xiboplayer/utils@0.7.4':
    dependencies:
      '@xiboplayer/crypto': 0.7.4

  '@xiboplayer/xmds@0.7.4':
    dependencies:
      '@xiboplayer/utils': 0.7.4

  '@xiboplayer/xmr@0.7.4':
    dependencies:
      '@xiboplayer/utils': 0.7.4

  base64-arraybuffer@1.0.2: {}

  css-line-break@2.1.0:
    dependencies:
      utrie: 1.0.2

  esbuild@0.21.5:
    optionalDependencies:
      '@esbuild/aix-ppc64': 0.21.5
      '@esbuild/android-arm': 0.21.5
      '@esbuild/android-arm64': 0.21.5
      '@esbuild/android-x64': 0.21.5
      '@esbuild/darwin-arm64': 0.21.5
      '@esbuild/darwin-x64': 0.21.5
      '@esbuild/freebsd-arm64': 0.21.5
      '@esbuild/freebsd-x64': 0.21.5
      '@esbuild/linux-arm': 0.21.5
      '@esbuild/linux-arm64': 0.21.5
      '@esbuild/linux-ia32': 0.21.5
      '@esbuild/linux-loong64': 0.21.5
      '@esbuild/linux-mips64el': 0.21.5
      '@esbuild/linux-ppc64': 0.21.5
      '@esbuild/linux-riscv64': 0.21.5
      '@esbuild/linux-s390x': 0.21.5
      '@esbuild/linux-x64': 0.21.5
      '@esbuild/netbsd-x64': 0.21.5
      '@esbuild/openbsd-x64': 0.21.5
      '@esbuild/sunos-x64': 0.21.5
      '@esbuild/win32-arm64': 0.21.5
      '@esbuild/win32-ia32': 0.21.5
      '@esbuild/win32-x64': 0.21.5

  fsevents@2.3.3:
    optional: true

  html2canvas@1.4.1:
    dependencies:
      css-line-break: 2.1.0
      text-segmentation: 1.0.3

  nanoevents@9.1.0: {}

  nanoid@3.3.11: {}

  pdfjs-dist@4.10.38:
    optionalDependencies:
      '@napi-rs/canvas': 0.1.97

  picocolors@1.1.1: {}

  postcss@8.5.8:
    dependencies:
      nanoid: 3.3.11
      picocolors: 1.1.1
      source-map-js: 1.2.1

  rollup@4.59.1:
    dependencies:
      '@types/estree': 1.0.8
    optionalDependencies:
      '@rollup/rollup-android-arm-eabi': 4.59.1
      '@rollup/rollup-android-arm64': 4.59.1
      '@rollup/rollup-darwin-arm64': 4.59.1
      '@rollup/rollup-darwin-x64': 4.59.1
      '@rollup/rollup-freebsd-arm64': 4.59.1
      '@rollup/rollup-freebsd-x64': 4.59.1
      '@rollup/rollup-linux-arm-gnueabihf': 4.59.1
      '@rollup/rollup-linux-arm-musleabihf': 4.59.1
      '@rollup/rollup-linux-arm64-gnu': 4.59.1
      '@rollup/rollup-linux-arm64-musl': 4.59.1
      '@rollup/rollup-linux-loong64-gnu': 4.59.1
      '@rollup/rollup-linux-loong64-musl': 4.59.1
      '@rollup/rollup-linux-ppc64-gnu': 4.59.1
      '@rollup/rollup-linux-ppc64-musl': 4.59.1
      '@rollup/rollup-linux-riscv64-gnu': 4.59.1
      '@rollup/rollup-linux-riscv64-musl': 4.59.1
      '@rollup/rollup-linux-s390x-gnu': 4.59.1
      '@rollup/rollup-linux-x64-gnu': 4.59.1
      '@rollup/rollup-linux-x64-musl': 4.59.1
      '@rollup/rollup-openbsd-x64': 4.59.1
      '@rollup/rollup-openharmony-arm64': 4.59.1
      '@rollup/rollup-win32-arm64-msvc': 4.59.1
      '@rollup/rollup-win32-ia32-msvc': 4.59.1
      '@rollup/rollup-win32-x64-gnu': 4.59.1
      '@rollup/rollup-win32-x64-msvc': 4.59.1
      fsevents: 2.3.3

  sax@1.6.0: {}

  source-map-js@1.2.1: {}

  spark-md5@3.0.2: {}

  text-segmentation@1.0.3:
    dependencies:
      utrie: 1.0.2

  typescript@5.9.3: {}

  undici-types@6.21.0: {}

  utrie@1.0.2:
    dependencies:
      base64-arraybuffer: 1.0.2

  vite@5.4.21(@types/node@22.19.15):
    dependencies:
      esbuild: 0.21.5
      postcss: 8.5.8
      rollup: 4.59.1
    optionalDependencies:
      '@types/node': 22.19.15
      fsevents: 2.3.3

  xml2js@0.6.2:
    dependencies:
      sax: 1.6.0
      xmlbuilder: 11.0.1

  xmlbuilder@11.0.1: {}
